// !$*UTF8*$!
{
	archiveVersion = 1;
	classes = {
	};
	objectVersion = 46;
	objects = {

/* Begin PBXBuildFile section */
		86411319C5908BF5CBA9A60B /* Pods_SwiftRoundView.framework in Frameworks */ = {isa = PBXBuildFile; fileRef = FC5FE9986EC15F20C7BD2231 /* Pods_SwiftRoundView.framework */; };
		AB29B5FD1C293A5D00E88986 /* 2.jpg in Resources */ = {isa = PBXBuildFile; fileRef = AB29B5F91C293A5D00E88986 /* 2.jpg */; };
		AB29B5FE1C293A5D00E88986 /* 3.jpg in Resources */ = {isa = PBXBuildFile; fileRef = AB29B5FA1C293A5D00E88986 /* 3.jpg */; };
		AB29B5FF1C293A5D00E88986 /* 1.jpg in Resources */ = {isa = PBXBuildFile; fileRef = AB29B5FB1C293A5D00E88986 /* 1.jpg */; };
		AB29B6001C293A5D00E88986 /* 4.jpg in Resources */ = {isa = PBXBuildFile; fileRef = AB29B5FC1C293A5D00E88986 /* 4.jpg */; };
		ABEE7F171C28FDD000991513 /* AppDelegate.swift in Sources */ = {isa = PBXBuildFile; fileRef = ABEE7F161C28FDD000991513 /* AppDelegate.swift */; };
		ABEE7F191C28FDD000991513 /* ViewController.swift in Sources */ = {isa = PBXBuildFile; fileRef = ABEE7F181C28FDD000991513 /* ViewController.swift */; };
		ABEE7F1C1C28FDD000991513 /* Main.storyboard in Resources */ = {isa = PBXBuildFile; fileRef = ABEE7F1A1C28FDD000991513 /* Main.storyboard */; };
		ABEE7F1E1C28FDD000991513 /* Assets.xcassets in Resources */ = {isa = PBXBuildFile; fileRef = ABEE7F1D1C28FDD000991513 /* Assets.xcassets */; };
		ABEE7F211C28FDD000991513 /* LaunchScreen.storyboard in Resources */ = {isa = PBXBuildFile; fileRef = ABEE7F1F1C28FDD000991513 /* LaunchScreen.storyboard */; };
		ABEE7F2B1C29247D00991513 /* RoundView.swift in Sources */ = {isa = PBXBuildFile; fileRef = ABEE7F2A1C29247D00991513 /* RoundView.swift */; };
/* End PBXBuildFile section */

/* Begin PBXFileReference section */
		4726624F51E614E8BB6C93EC /* Pods-SwiftRoundView.release.xcconfig */ = {isa = PBXFileReference; includeInIndex = 1; lastKnownFileType = text.xcconfig; name = "Pods-SwiftRoundView.release.xcconfig"; path = "Pods/Target Support Files/Pods-SwiftRoundView/Pods-SwiftRoundView.release.xcconfig"; sourceTree = "<group>"; };
		67B827161F50CC95733A1CC9 /* Pods-SwiftRoundView.debug.xcconfig */ = {isa = PBXFileReference; includeInIndex = 1; lastKnownFileType = text.xcconfig; name = "Pods-SwiftRoundView.debug.xcconfig"; path = "Pods/Target Support Files/Pods-SwiftRoundView/Pods-SwiftRoundView.debug.xcconfig"; sourceTree = "<group>"; };
		AB29B5F91C293A5D00E88986 /* 2.jpg */ = {isa = PBXFileReference; lastKnownFileType = image.jpeg; path = 2.jpg; sourceTree = "<group>"; };
		AB29B5FA1C293A5D00E88986 /* 3.jpg */ = {isa = PBXFileReference; lastKnownFileType = image.jpeg; path = 3.jpg; sourceTree = "<group>"; };
		AB29B5FB1C293A5D00E88986 /* 1.jpg */ = {isa = PBXFileReference; lastKnownFileType = image.jpeg; path = 1.jpg; sourceTree = "<group>"; };
		AB29B5FC1C293A5D00E88986 /* 4.jpg */ = {isa = PBXFileReference; lastKnownFileType = image.jpeg; path = 4.jpg; sourceTree = "<group>"; };
		ABEE7F131C28FDD000991513 /* SwiftRoundView.app */ = {isa = PBXFileReference; explicitFileType = wrapper.application; includeInIndex = 0; path = SwiftRoundView.app; sourceTree = BUILT_PRODUCTS_DIR; };
		ABEE7F161C28FDD000991513 /* AppDelegate.swift */ = {isa = PBXFileReference; lastKnownFileType = sourcecode.swift; path = AppDelegate.swift; sourceTree = "<group>"; };
		ABEE7F181C28FDD000991513 /* ViewController.swift */ = {isa = PBXFileReference; lastKnownFileType = sourcecode.swift; path = ViewController.swift; sourceTree = "<group>"; };
		ABEE7F1B1C28FDD000991513 /* Base */ = {isa = PBXFileReference; lastKnownFileType = file.storyboard; name = Base; path = Base.lproj/Main.storyboard; sourceTree = "<group>"; };
		ABEE7F1D1C28FDD000991513 /* Assets.xcassets */ = {isa = PBXFileReference; lastKnownFileType = folder.assetcatalog; path = Assets.xcassets; sourceTree = "<group>"; };
		ABEE7F201C28FDD000991513 /* Base */ = {isa = PBXFileReference; lastKnownFileType = file.storyboard; name = Base; path = Base.lproj/LaunchScreen.storyboard; sourceTree = "<group>"; };
		ABEE7F221C28FDD000991513 /* Info.plist */ = {isa = PBXFileReference; lastKnownFileType = text.plist.xml; path = Info.plist; sourceTree = "<group>"; };
		ABEE7F2A1C29247D00991513 /* RoundView.swift */ = {isa = PBXFileReference; fileEncoding = 4; lastKnownFileType = sourcecode.swift; path = RoundView.swift; sourceTree = "<group>"; };
		FC5FE9986EC15F20C7BD2231 /* Pods_SwiftRoundView.framework */ = {isa = PBXFileReference; explicitFileType = wrapper.framework; includeInIndex = 0; path = Pods_SwiftRoundView.framework; sourceTree = BUILT_PRODUCTS_DIR; };
/* End PBXFileReference section */

/* Begin PBXFrameworksBuildPhase section */
		ABEE7F101C28FDD000991513 /* Frameworks */ = {
			isa = PBXFrameworksBuildPhase;
			buildActionMask = 2147483647;
			files = (
				86411319C5908BF5CBA9A60B /* Pods_SwiftRoundView.framework in Frameworks */,
			);
			runOnlyForDeploymentPostprocessing = 0;
		};
/* End PBXFrameworksBuildPhase section */

/* Begin PBXGroup section */
		3B40F512F51225B57F6BDD4D /* Frameworks */ = {
			isa = PBXGroup;
			children = (
				FC5FE9986EC15F20C7BD2231 /* Pods_SwiftRoundView.framework */,
			);
			name = Frameworks;
			sourceTree = "<group>";
		};
		AB29B5F81C293A4D00E88986 /* resource */ = {
			isa = PBXGroup;
			children = (
				AB29B5F91C293A5D00E88986 /* 2.jpg */,
				AB29B5FA1C293A5D00E88986 /* 3.jpg */,
				AB29B5FB1C293A5D00E88986 /* 1.jpg */,
				AB29B5FC1C293A5D00E88986 /* 4.jpg */,
			);
			path = resource;
			sourceTree = "<group>";
		};
		ABEE7F0A1C28FDD000991513 = {
			isa = PBXGroup;
			children = (
				ABEE7F151C28FDD000991513 /* SwiftRoundView */,
				ABEE7F141C28FDD000991513 /* Products */,
				B585915DAF010481969733B7 /* Pods */,
				3B40F512F51225B57F6BDD4D /* Frameworks */,
			);
			sourceTree = "<group>";
		};
		ABEE7F141C28FDD000991513 /* Products */ = {
			isa = PBXGroup;
			children = (
				ABEE7F131C28FDD000991513 /* SwiftRoundView.app */,
			);
			name = Products;
			sourceTree = "<group>";
		};
		ABEE7F151C28FDD000991513 /* SwiftRoundView */ = {
			isa = PBXGroup;
			children = (
				AB29B5F81C293A4D00E88986 /* resource */,
				ABEE7F161C28FDD000991513 /* AppDelegate.swift */,
				ABEE7F181C28FDD000991513 /* ViewController.swift */,
				ABEE7F2A1C29247D00991513 /* RoundView.swift */,
				ABEE7F1A1C28FDD000991513 /* Main.storyboard */,
				ABEE7F1D1C28FDD000991513 /* Assets.xcassets */,
				ABEE7F1F1C28FDD000991513 /* LaunchScreen.storyboard */,
				ABEE7F221C28FDD000991513 /* Info.plist */,
			);
			path = SwiftRoundView;
			sourceTree = "<group>";
		};
		B585915DAF010481969733B7 /* Pods */ = {
			isa = PBXGroup;
			children = (
				67B827161F50CC95733A1CC9 /* Pods-SwiftRoundView.debug.xcconfig */,
				4726624F51E614E8BB6C93EC /* Pods-SwiftRoundView.release.xcconfig */,
			);
			name = Pods;
			sourceTree = "<group>";
		};
/* End PBXGroup section */

/* Begin PBXNativeTarget section */
		ABEE7F121C28FDD000991513 /* SwiftRoundView */ = {
			isa = PBXNativeTarget;
			buildConfigurationList = ABEE7F251C28FDD000991513 /* Build configuration list for PBXNativeTarget "SwiftRoundView" */;
			buildPhases = (
				F8AE6C4F115CF40A3ADCF1C8 /* [CP] Check Pods Manifest.lock */,
				ABEE7F0F1C28FDD000991513 /* Sources */,
				ABEE7F101C28FDD000991513 /* Frameworks */,
				ABEE7F111C28FDD000991513 /* Resources */,
				BB45E46E429D66622F10EFFA /* [CP] Embed Pods Frameworks */,
				47E2286A77DAB70AEE5AAA5A /* [CP] Copy Pods Resources */,
			);
			buildRules = (
			);
			dependencies = (
			);
			name = SwiftRoundView;
			productName = SwiftRoundView;
			productReference = ABEE7F131C28FDD000991513 /* SwiftRoundView.app */;
			productType = "com.apple.product-type.application";
		};
/* End PBXNativeTarget section */

/* Begin PBXProject section */
		ABEE7F0B1C28FDD000991513 /* Project object */ = {
			isa = PBXProject;
			attributes = {
				LastSwiftUpdateCheck = 0720;
				LastUpgradeCheck = 0720;
				ORGANIZATIONNAME = "骆朋飞";
				TargetAttributes = {
					ABEE7F121C28FDD000991513 = {
						CreatedOnToolsVersion = 7.2;
					};
				};
			};
			buildConfigurationList = ABEE7F0E1C28FDD000991513 /* Build configuration list for PBXProject "SwiftRoundView" */;
			compatibilityVersion = "Xcode 3.2";
			developmentRegion = English;
			hasScannedForEncodings = 0;
			knownRegions = (
				en,
				Base,
			);
			mainGroup = ABEE7F0A1C28FDD000991513;
			productRefGroup = ABEE7F141C28FDD000991513 /* Products */;
			projectDirPath = "";
			projectRoot = "";
			targets = (
				ABEE7F121C28FDD000991513 /* SwiftRoundView */,
			);
		};
/* End PBXProject section */

/* Begin PBXResourcesBuildPhase section */
		ABEE7F111C28FDD000991513 /* Resources */ = {
			isa = PBXResourcesBuildPhase;
			buildActionMask = 2147483647;
			files = (
				AB29B5FE1C293A5D00E88986 /* 3.jpg in Resources */,
				AB29B6001C293A5D00E88986 /* 4.jpg in Resources */,
				ABEE7F211C28FDD000991513 /* LaunchScreen.storyboard in Resources */,
				ABEE7F1E1C28FDD000991513 /* Assets.xcassets in Resources */,
				AB29B5FF1C293A5D00E88986 /* 1.jpg in Resources */,
				AB29B5FD1C293A5D00E88986 /* 2.jpg in Resources */,
				ABEE7F1C1C28FDD000991513 /* Main.storyboard in Resources */,
			);
			runOnlyForDeploymentPostprocessing = 0;
		};
/* End PBXResourcesBuildPhase section */

/* Begin PBXShellScriptBuildPhase section */
		47E2286A77DAB70AEE5AAA5A /* [CP] Copy Pods Resources */ = {
			isa = PBXShellScriptBuildPhase;
			buildActionMask = 2147483647;
			files = (
			);
			inputPaths = (
			);
			name = "[CP] Copy Pods Resources";
			outputPaths = (
			);
			runOnlyForDeploymentPostprocessing = 0;
			shellPath = /bin/sh;
			shellScript = "\"${SRCROOT}/Pods/Target Support Files/Pods-SwiftRoundView/Pods-SwiftRoundView-resources.sh\"\n";
			showEnvVarsInLog = 0;
		};
		BB45E46E429D66622F10EFFA /* [CP] Embed Pods Frameworks */ = {
			isa = PBXShellScriptBuildPhase;
			buildActionMask = 2147483647;
			files = (
			);
			inputPaths = (
			);
			name = "[CP] Embed Pods Frameworks";
			outputPaths = (
			);
			runOnlyForDeploymentPostprocessing = 0;
			shellPath = /bin/sh;
			shellScript = "\"${SRCROOT}/Pods/Target Support Files/Pods-SwiftRoundView/Pods-SwiftRoundView-frameworks.sh\"\n";
			showEnvVarsInLog = 0;
		};
		F8AE6C4F115CF40A3ADCF1C8 /* [CP] Check Pods Manifest.lock */ = {
			isa = PBXShellScriptBuildPhase;
			buildActionMask = 2147483647;
			files = (
			);
			inputPaths = (
			);
			name = "[CP] Check Pods Manifest.lock";
			outputPaths = (
			);
			runOnlyForDeploymentPostprocessing = 0;
			shellPath = /bin/sh;
			shellScript = "diff \"${PODS_ROOT}/../Podfile.lock\" \"${PODS_ROOT}/Manifest.lock\" > /dev/null\nif [[ $? != 0 ]] ; then\n    cat << EOM\nerror: The sandbox is not in sync with the Podfile.lock. Run 'pod install' or update your CocoaPods installation.\nEOM\n    exit 1\nfi\n";
			showEnvVarsInLog = 0;
		};
/* End PBXShellScriptBuildPhase section */

/* Begin PBXSourcesBuildPhase section */
		ABEE7F0F1C28FDD000991513 /* Sources */ = {
			isa = PBXSourcesBuildPhase;
			buildActionMask = 2147483647;
			files = (
				ABEE7F191C28FDD000991513 /* ViewController.swift in Sources */,
				ABEE7F2B1C29247D00991513 /* RoundView.swift in Sources */,
				ABEE7F171C28FDD000991513 /* AppDelegate.swift in Sources */,
			);
			runOnlyForDeploymentPostprocessing = 0;
		};
/* End PBXSourcesBuildPhase section */

/* Begin PBXVariantGroup section */
		ABEE7F1A1C28FDD000991513 /* Main.storyboard */ = {
			isa = PBXVariantGroup;
			children = (
				ABEE7F1B1C28FDD000991513 /* Base */,
			);
			name = Main.storyboard;
			sourceTree = "<group>";
		};
		ABEE7F1F1C28FDD000991513 /* LaunchScreen.storyboard */ = {
			isa = PBXVariantGroup;
			children = (
				ABEE7F201C28FDD000991513 /* Base */,
			);
			name = LaunchScreen.storyboard;
			sourceTree = "<group>";
		};
/* End PBXVariantGroup section */

/* Begin XCBuildConfiguration section */
		ABEE7F231C28FDD000991513 /* Debug */ = {
			isa = XCBuildConfiguration;
			buildSettings = {
				ALWAYS_SEARCH_USER_PATHS = NO;
				CLANG_CXX_LANGUAGE_STANDARD = "gnu++0x";
				CLANG_CXX_LIBRARY = "libc++";
				CLANG_ENABLE_MODULES = YES;
				CLANG_ENABLE_OBJC_ARC = YES;
				CLANG_WARN_BOOL_CONVERSION = YES;
				CLANG_WARN_CONSTANT_CONVERSION = YES;
				CLANG_WARN_DIRECT_OBJC_ISA_USAGE = YES_ERROR;
				CLANG_WARN_EMPTY_BODY = YES;
				CLANG_WARN_ENUM_CONVERSION = YES;
				CLANG_WARN_INT_CONVERSION = YES;
				CLANG_WARN_OBJC_ROOT_CLASS = YES_ERROR;
				CLANG_WARN_UNREACHABLE_CODE = YES;
				CLANG_WARN__DUPLICATE_METHOD_MATCH = YES;
				"CODE_SIGN_IDENTITY[sdk=iphoneos*]" = "iPhone Developer";
				COPY_PHASE_STRIP = NO;
				DEBUG_INFORMATION_FORMAT = dwarf;
				ENABLE_STRICT_OBJC_MSGSEND = YES;
				ENABLE_TESTABILITY = YES;
				GCC_C_LANGUAGE_STANDARD = gnu99;
				GCC_DYNAMIC_NO_PIC = NO;
				GCC_NO_COMMON_BLOCKS = YES;
				GCC_OPTIMIZATION_LEVEL = 0;
				GCC_PREPROCESSOR_DEFINITIONS = (
					"DEBUG=1",
					"$(inherited)",
				);
				GCC_WARN_64_TO_32_BIT_CONVERSION = YES;
				GCC_WARN_ABOUT_RETURN_TYPE = YES_ERROR;
				GCC_WARN_UNDECLARED_SELECTOR = YES;
				GCC_WARN_UNINITIALIZED_AUTOS = YES_AGGRESSIVE;
				GCC_WARN_UNUSED_FUNCTION = YES;
				GCC_WARN_UNUSED_VARIABLE = YES;
				IPHONEOS_DEPLOYMENT_TARGET = 9.2;
				MTL_ENABLE_DEBUG_INFO = YES;
				ONLY_ACTIVE_ARCH = YES;
				SDKROOT = iphoneos;
				SWIFT_OPTIMIZATION_LEVEL = "-Onone";
			};
			name = Debug;
		};
		ABEE7F241C28FDD000991513 /* Release */ = {
			isa = XCBuildConfiguration;
			buildSettings = {
				ALWAYS_SEARCH_USER_PATHS = NO;
				CLANG_CXX_LANGUAGE_STANDARD = "gnu++0x";
				CLANG_CXX_LIBRARY = "libc++";
				CLANG_ENABLE_MODULES = YES;
				CLANG_ENABLE_OBJC_ARC = YES;
				CLANG_WARN_BOOL_CONVERSION = YES;
				CLANG_WARN_CONSTANT_CONVERSION = YES;
				CLANG_WARN_DIRECT_OBJC_ISA_USAGE = YES_ERROR;
				CLANG_WARN_EMPTY_BODY = YES;
				CLANG_WARN_ENUM_CONVERSION = YES;
				CLANG_WARN_INT_CONVERSION = YES;
				CLANG_WARN_OBJC_ROOT_CLASS = YES_ERROR;
				CLANG_WARN_UNREACHABLE_CODE = YES;
				CLANG_WARN__DUPLICATE_METHOD_MATCH = YES;
				"CODE_SIGN_IDENTITY[sdk=iphoneos*]" = "iPhone Developer";
				COPY_PHASE_STRIP = NO;
				DEBUG_INFORMATION_FORMAT = "dwarf-with-dsym";
				ENABLE_NS_ASSERTIONS = NO;
				ENABLE_STRICT_OBJC_MSGSEND = YES;
				GCC_C_LANGUAGE_STANDARD = gnu99;
				GCC_NO_COMMON_BLOCKS = YES;
				GCC_WARN_64_TO_32_BIT_CONVERSION = YES;
				GCC_WARN_ABOUT_RETURN_TYPE = YES_ERROR;
				GCC_WARN_UNDECLARED_SELECTOR = YES;
				GCC_WARN_UNINITIALIZED_AUTOS = YES_AGGRESSIVE;
				GCC_WARN_UNUSED_FUNCTION = YES;
				GCC_WARN_UNUSED_VARIABLE = YES;
				IPHONEOS_DEPLOYMENT_TARGET = 9.2;
				MTL_ENABLE_DEBUG_INFO = NO;
				SDKROOT = iphoneos;
				VALIDATE_PRODUCT = YES;
			};
			name = Release;
		};
		ABEE7F261C28FDD000991513 /* Debug */ = {
			isa = XCBuildConfiguration;
			baseConfigurationReference = 67B827161F50CC95733A1CC9 /* Pods-SwiftRoundView.debug.xcconfig */;
			buildSettings = {
				ASSETCATALOG_COMPILER_APPICON_NAME = AppIcon;
				INFOPLIST_FILE = SwiftRoundView/Info.plist;
				LD_RUNPATH_SEARCH_PATHS = "$(inherited) @executable_path/Frameworks";
				PRODUCT_BUNDLE_IDENTIFIER = Pengfei.SwiftRoundView;
				PRODUCT_NAME = "$(TARGET_NAME)";
			};
			name = Debug;
		};
		ABEE7F271C28FDD000991513 /* Release */ = {
			isa = XCBuildConfiguration;
			baseConfigurationReference = 4726624F51E614E8BB6C93EC /* Pods-SwiftRoundView.release.xcconfig */;
			buildSettings = {
				ASSETCATALOG_COMPILER_APPICON_NAME = AppIcon;
				INFOPLIST_FILE = SwiftRoundView/Info.plist;
				LD_RUNPATH_SEARCH_PATHS = "$(inherited) @executable_path/Frameworks";
				PRODUCT_BUNDLE_IDENTIFIER = Pengfei.SwiftRoundView;
				PRODUCT_NAME = "$(TARGET_NAME)";
			};
			name = Release;
		};
/* End XCBuildConfiguration section */

/* Begin XCConfigurationList section */
		ABEE7F0E1C28FDD000991513 /* Build configuration list for PBXProject "SwiftRoundView" */ = {
			isa = XCConfigurationList;
			buildConfigurations = (
				ABEE7F231C28FDD000991513 /* Debug */,
				ABEE7F241C28FDD000991513 /* Release */,
			);
			defaultConfigurationIsVisible = 0;
			defaultConfigurationName = Release;
		};
		ABEE7F251C28FDD000991513 /* Build configuration list for PBXNativeTarget "SwiftRoundView" */ = {
			isa = XCConfigurationList;
			buildConfigurations = (
				ABEE7F261C28FDD000991513 /* Debug */,
				ABEE7F271C28FDD000991513 /* Release */,
			);
			defaultConfigurationIsVisible = 0;
			defaultConfigurationName = Release;
		};
/* End XCConfigurationList section */
	};
	rootObject = ABEE7F0B1C28FDD000991513 /* Project object */;
}
